
Microsoft Visual Studio Solution File, Format Version 12.00
# Visual Studio 2012
Project("{8BC9CEB8-8B4A-11D0-8D11-00A0C91BC942}") = "Network", "Network\Network.vcxproj", "{6152A460-41B0-451F-9EE3-A30E5DD6F20C}"
EndProject
Project("{8BC9CEB8-8B4A-11D0-8D11-00A0C91BC942}") = "Core", "Core\Core.vcxproj", "{F8286ADD-59DD-4450-8B0A-CDA8B5A670C0}"
EndProject
Project("{8BC9CEB8-8B4A-11D0-8D11-00A0C91BC942}") = "Threads", "Threads\Threads.vcxproj", "{FB804EDB-1F2F-492A-9F43-D2DC530DE224}"
EndProject
Project("{8BC9CEB8-8B4A-11D0-8D11-00A0C91BC942}") = "testc", "tests\testc.vcxproj", "{ECB7AF4F-C5EF-455F-82EC-F9B3384C9284}"
EndProject
Project("{8BC9CEB8-8B4A-11D0-8D11-00A0C91BC942}") = "tests", "tests\tests.vcxproj", "{43018405-AF3C-4A52-BF28-72E2273F128D}"
EndProject
Global
	GlobalSection(SolutionConfigurationPlatforms) = preSolution
		Debug|Mixed Platforms = Debug|Mixed Platforms
		Debug|Win32 = Debug|Win32
		Debug|x64 = Debug|x64
		Release|Mixed Platforms = Release|Mixed Platforms
		Release|Win32 = Release|Win32
		Release|x64 = Release|x64
	EndGlobalSection
	GlobalSection(ProjectConfigurationPlatforms) = postSolution
		{6152A460-41B0-451F-9EE3-A30E5DD6F20C}.Debug|Mixed Platforms.ActiveCfg = Debug|x64
		{6152A460-41B0-451F-9EE3-A30E5DD6F20C}.Debug|Mixed Platforms.Build.0 = Debug|x64
		{6152A460-41B0-451F-9EE3-A30E5DD6F20C}.Debug|Win32.ActiveCfg = Debug|x64
		{6152A460-41B0-451F-9EE3-A30E5DD6F20C}.Debug|x64.ActiveCfg = Debug|x64
		{6152A460-41B0-451F-9EE3-A30E5DD6F20C}.Debug|x64.Build.0 = Debug|x64
		{6152A460-41B0-451F-9EE3-A30E5DD6F20C}.Release|Mixed Platforms.ActiveCfg = Release|x64
		{6152A460-41B0-451F-9EE3-A30E5DD6F20C}.Release|Mixed Platforms.Build.0 = Release|x64
		{6152A460-41B0-451F-9EE3-A30E5DD6F20C}.Release|Win32.ActiveCfg = Release|x64
		{6152A460-41B0-451F-9EE3-A30E5DD6F20C}.Release|x64.ActiveCfg = Release|x64
		{6152A460-41B0-451F-9EE3-A30E5DD6F20C}.Release|x64.Build.0 = Release|x64
		{F8286ADD-59DD-4450-8B0A-CDA8B5A670C0}.Debug|Mixed Platforms.ActiveCfg = Debug|x64
		{F8286ADD-59DD-4450-8B0A-CDA8B5A670C0}.Debug|Mixed Platforms.Build.0 = Debug|x64
		{F8286ADD-59DD-4450-8B0A-CDA8B5A670C0}.Debug|Win32.ActiveCfg = Debug|x64
		{F8286ADD-59DD-4450-8B0A-CDA8B5A670C0}.Debug|x64.ActiveCfg = Debug|x64
		{F8286ADD-59DD-4450-8B0A-CDA8B5A670C0}.Debug|x64.Build.0 = Debug|x64
		{F8286ADD-59DD-4450-8B0A-CDA8B5A670C0}.Release|Mixed Platforms.ActiveCfg = Release|x64
		{F8286ADD-59DD-4450-8B0A-CDA8B5A670C0}.Release|Mixed Platforms.Build.0 = Release|x64
		{F8286ADD-59DD-4450-8B0A-CDA8B5A670C0}.Release|Win32.ActiveCfg = Release|x64
		{F8286ADD-59DD-4450-8B0A-CDA8B5A670C0}.Release|x64.ActiveCfg = Release|x64
		{F8286ADD-59DD-4450-8B0A-CDA8B5A670C0}.Release|x64.Build.0 = Release|x64
		{FB804EDB-1F2F-492A-9F43-D2DC530DE224}.Debug|Mixed Platforms.ActiveCfg = Debug|x64
		{FB804EDB-1F2F-492A-9F43-D2DC530DE224}.Debug|Mixed Platforms.Build.0 = Debug|x64
		{FB804EDB-1F2F-492A-9F43-D2DC530DE224}.Debug|Win32.ActiveCfg = Debug|x64
		{FB804EDB-1F2F-492A-9F43-D2DC530DE224}.Debug|x64.ActiveCfg = Debug|x64
		{FB804EDB-1F2F-492A-9F43-D2DC530DE224}.Debug|x64.Build.0 = Debug|x64
		{FB804EDB-1F2F-492A-9F43-D2DC530DE224}.Release|Mixed Platforms.ActiveCfg = Release|x64
		{FB804EDB-1F2F-492A-9F43-D2DC530DE224}.Release|Mixed Platforms.Build.0 = Release|x64
		{FB804EDB-1F2F-492A-9F43-D2DC530DE224}.Release|Win32.ActiveCfg = Release|x64
		{FB804EDB-1F2F-492A-9F43-D2DC530DE224}.Release|x64.ActiveCfg = Release|x64
		{FB804EDB-1F2F-492A-9F43-D2DC530DE224}.Release|x64.Build.0 = Release|x64
		{ECB7AF4F-C5EF-455F-82EC-F9B3384C9284}.Debug|Mixed Platforms.ActiveCfg = Debug|x64
		{ECB7AF4F-C5EF-455F-82EC-F9B3384C9284}.Debug|Mixed Platforms.Build.0 = Debug|x64
		{ECB7AF4F-C5EF-455F-82EC-F9B3384C9284}.Debug|Win32.ActiveCfg = Debug|x64
		{ECB7AF4F-C5EF-455F-82EC-F9B3384C9284}.Debug|x64.ActiveCfg = Debug|x64
		{ECB7AF4F-C5EF-455F-82EC-F9B3384C9284}.Debug|x64.Build.0 = Debug|x64
		{ECB7AF4F-C5EF-455F-82EC-F9B3384C9284}.Release|Mixed Platforms.ActiveCfg = Release|x64
		{ECB7AF4F-C5EF-455F-82EC-F9B3384C9284}.Release|Mixed Platforms.Build.0 = Release|x64
		{ECB7AF4F-C5EF-455F-82EC-F9B3384C9284}.Release|Win32.ActiveCfg = Release|x64
		{ECB7AF4F-C5EF-455F-82EC-F9B3384C9284}.Release|x64.ActiveCfg = Release|x64
		{ECB7AF4F-C5EF-455F-82EC-F9B3384C9284}.Release|x64.Build.0 = Release|x64
		{43018405-AF3C-4A52-BF28-72E2273F128D}.Debug|Mixed Platforms.ActiveCfg = Debug|x64
		{43018405-AF3C-4A52-BF28-72E2273F128D}.Debug|Mixed Platforms.Build.0 = Debug|x64
		{43018405-AF3C-4A52-BF28-72E2273F128D}.Debug|Win32.ActiveCfg = Debug|x64
		{43018405-AF3C-4A52-BF28-72E2273F128D}.Debug|x64.ActiveCfg = Debug|x64
		{43018405-AF3C-4A52-BF28-72E2273F128D}.Debug|x64.Build.0 = Debug|x64
		{43018405-AF3C-4A52-BF28-72E2273F128D}.Release|Mixed Platforms.ActiveCfg = Release|x64
		{43018405-AF3C-4A52-BF28-72E2273F128D}.Release|Mixed Platforms.Build.0 = Release|x64
		{43018405-AF3C-4A52-BF28-72E2273F128D}.Release|Win32.ActiveCfg = Release|x64
		{43018405-AF3C-4A52-BF28-72E2273F128D}.Release|x64.ActiveCfg = Release|x64
		{43018405-AF3C-4A52-BF28-72E2273F128D}.Release|x64.Build.0 = Release|x64
	EndGlobalSection
	GlobalSection(SolutionProperties) = preSolution
		HideSolutionNode = FALSE
	EndGlobalSection
EndGlobal
