<?xml version="1.0" encoding="utf-8"?>
<Project ToolsVersion="4.0" xmlns="http://schemas.microsoft.com/developer/msbuild/2003">
  <ItemGroup>
    <Filter Include="Source Files">
      <UniqueIdentifier>{4FC737F1-C7A5-4376-A066-2A32D752A2FF}</UniqueIdentifier>
      <Extensions>cpp;c;cc;cxx;def;odl;idl;hpj;bat;asm;asmx</Extensions>
    </Filter>
    <Filter Include="Header Files">
      <UniqueIdentifier>{93995380-89BD-4b04-88EB-625FBE52EBFB}</UniqueIdentifier>
      <Extensions>h;hpp;hxx;hm;inl;inc;xsd</Extensions>
    </Filter>
    <Filter Include="Resource Files">
      <UniqueIdentifier>{67DA6AB6-F800-4c08-8B7A-83BB121AAD01}</UniqueIdentifier>
      <Extensions>rc;ico;cur;bmp;dlg;rc2;rct;bin;rgs;gif;jpg;jpeg;jpe;resx;tiff;tif;png;wav;mfcribbon-ms</Extensions>
    </Filter>
  </ItemGroup>
  <ItemGroup>
    <ClCompile Include="src\Startup.cpp">
      <Filter>Source Files</Filter>
    </ClCompile>
    <ClCompile Include="src\Core\BufferRing.cpp">
      <Filter>Source Files</Filter>
    </ClCompile>
    <ClCompile Include="src\Network\Client.cpp">
      <Filter>Source Files</Filter>
    </ClCompile>
    <ClCompile Include="src\Network\Server.cpp">
      <Filter>Source Files</Filter>
    </ClCompile>
    <ClCompile Include="src\Network\SimpleClient.cpp">
      <Filter>Source Files</Filter>
    </ClCompile>
    <ClCompile Include="src\Socket\INativeSocket.cpp">
      <Filter>Source Files</Filter>
    </ClCompile>
    <ClCompile Include="src\Socket\Socket.cpp">
      <Filter>Source Files</Filter>
    </ClCompile>
    <ClCompile Include="src\Socket\SocketClient.cpp">
      <Filter>Source Files</Filter>
    </ClCompile>
    <ClCompile Include="src\Socket\SocketServer.cpp">
      <Filter>Source Files</Filter>
    </ClCompile>
    <ClCompile Include="src\Socket\SocketSet.cpp">
      <Filter>Source Files</Filter>
    </ClCompile>
    <ClCompile Include="src\Socket\WindowsSocket.cpp">
      <Filter>Source Files</Filter>
    </ClCompile>
    <ClCompile Include="src\Core\Logger.cpp">
      <Filter>Source Files</Filter>
    </ClCompile>
    <ClCompile Include="src\Network\BlockingClient.cpp">
      <Filter>Source Files</Filter>
    </ClCompile>
  </ItemGroup>
  <ItemGroup>
    <None Include="..\Vriska\Network\BufferRing.h">
      <Filter>Header Files</Filter>
    </None>
    <None Include="..\Vriska\Network\Client.h">
      <Filter>Header Files</Filter>
    </None>
    <None Include="..\Vriska\Network\INativeSocket.h">
      <Filter>Header Files</Filter>
    </None>
    <None Include="..\Vriska\Network\LinuxSocket.h">
      <Filter>Header Files</Filter>
    </None>
    <None Include="..\Vriska\Network.h">
      <Filter>Header Files</Filter>
    </None>
    <None Include="..\Vriska\Network\Server.h">
      <Filter>Header Files</Filter>
    </None>
    <None Include="..\Vriska\Network\SimpleClient.h">
      <Filter>Header Files</Filter>
    </None>
    <None Include="..\Vriska\Network\Socket.h">
      <Filter>Header Files</Filter>
    </None>
    <None Include="..\Vriska\Network\SocketClient.h">
      <Filter>Header Files</Filter>
    </None>
    <None Include="..\Vriska\Network\SocketServer.h">
      <Filter>Header Files</Filter>
    </None>
    <None Include="..\Vriska\Network\SocketSet.h">
      <Filter>Header Files</Filter>
    </None>
    <None Include="..\Vriska\Network\WindowsSocket.h">
      <Filter>Header Files</Filter>
    </None>
    <None Include="..\Vriska\Network\Logger.h">
      <Filter>Header Files</Filter>
    </None>
    <None Include="..\Vriska\Network\ICallable.h">
      <Filter>Header Files</Filter>
    </None>
  </ItemGroup>
  <ItemGroup>
    <ClInclude Include="..\Vriska\Network\BlockingClient.h">
      <Filter>Header Files</Filter>
    </ClInclude>
  </ItemGroup>
</Project>