<?xml version="1.0" encoding="utf-8"?>
<Project ToolsVersion="4.0" xmlns="http://schemas.microsoft.com/developer/msbuild/2003">
  <ItemGroup>
    <Filter Include="Source Files">
      <UniqueIdentifier>{4FC737F1-C7A5-4376-A066-2A32D752A2FF}</UniqueIdentifier>
      <Extensions>cpp;c;cc;cxx;def;odl;idl;hpj;bat;asm;asmx</Extensions>
    </Filter>
    <Filter Include="Header Files">
      <UniqueIdentifier>{93995380-89BD-4b04-88EB-625FBE52EBFB}</UniqueIdentifier>
      <Extensions>h;hpp;hxx;hm;inl;inc;xsd</Extensions>
    </Filter>
    <Filter Include="Resource Files">
      <UniqueIdentifier>{67DA6AB6-F800-4c08-8B7A-83BB121AAD01}</UniqueIdentifier>
      <Extensions>rc;ico;cur;bmp;dlg;rc2;rct;bin;rgs;gif;jpg;jpeg;jpe;resx;tiff;tif;png;wav;mfcribbon-ms</Extensions>
    </Filter>
  </ItemGroup>
  <ItemGroup>
    <ClCompile Include="src\CondVar\CondVar.cpp">
      <Filter>Source Files</Filter>
    </ClCompile>
    <ClCompile Include="src\CondVar\INativeCondVar.cpp">
      <Filter>Source Files</Filter>
    </ClCompile>
    <ClCompile Include="src\CondVar\WindowsCondVar.cpp">
      <Filter>Source Files</Filter>
    </ClCompile>
    <ClCompile Include="src\Core\ScopedLock.cpp">
      <Filter>Source Files</Filter>
    </ClCompile>
    <ClCompile Include="src\Core\ThreadPool.cpp">
      <Filter>Source Files</Filter>
    </ClCompile>
    <ClCompile Include="src\Mutex\INativeMutex.cpp">
      <Filter>Source Files</Filter>
    </ClCompile>
    <ClCompile Include="src\Mutex\Mutex.cpp">
      <Filter>Source Files</Filter>
    </ClCompile>
    <ClCompile Include="src\Mutex\WindowsMutex.cpp">
      <Filter>Source Files</Filter>
    </ClCompile>
    <ClCompile Include="src\Thread\INativeThread.cpp">
      <Filter>Source Files</Filter>
    </ClCompile>
    <ClCompile Include="src\Thread\Thread.cpp">
      <Filter>Source Files</Filter>
    </ClCompile>
    <ClCompile Include="src\Thread\WindowsThread.cpp">
      <Filter>Source Files</Filter>
    </ClCompile>
    <ClCompile Include="src\Startup.cpp">
      <Filter>Source Files</Filter>
    </ClCompile>
  </ItemGroup>
  <ItemGroup>
    <None Include="..\Vriska\Threads\CondVar.h">
      <Filter>Header Files</Filter>
    </None>
    <None Include="..\Vriska\Threads\ILockable.h">
      <Filter>Header Files</Filter>
    </None>
    <None Include="..\Vriska\Threads\INativeCondVar.h">
      <Filter>Header Files</Filter>
    </None>
    <None Include="..\Vriska\Threads\INativeMutex.h">
      <Filter>Header Files</Filter>
    </None>
    <None Include="..\Vriska\Threads\INativeThread.h">
      <Filter>Header Files</Filter>
    </None>
    <None Include="..\Vriska\Threads\IRunnable.h">
      <Filter>Header Files</Filter>
    </None>
    <None Include="..\Vriska\Threads\LinuxCondVar.h">
      <Filter>Header Files</Filter>
    </None>
    <None Include="..\Vriska\Threads\LinuxMutex.h">
      <Filter>Header Files</Filter>
    </None>
    <None Include="..\Vriska\Threads\LinuxThread.h">
      <Filter>Header Files</Filter>
    </None>
    <None Include="..\Vriska\Threads\Mutex.h">
      <Filter>Header Files</Filter>
    </None>
    <None Include="..\Vriska\Threads\ScopedLock.h">
      <Filter>Header Files</Filter>
    </None>
    <None Include="..\Vriska\Threads\Thread.h">
      <Filter>Header Files</Filter>
    </None>
    <None Include="..\Vriska\Threads\ThreadPool.h">
      <Filter>Header Files</Filter>
    </None>
    <None Include="..\Vriska\Threads.h">
      <Filter>Header Files</Filter>
    </None>
    <None Include="..\Vriska\Threads\WindowsCondVar.h">
      <Filter>Header Files</Filter>
    </None>
    <None Include="..\Vriska\Threads\WindowsMutex.h">
      <Filter>Header Files</Filter>
    </None>
    <None Include="..\Vriska\Threads\WindowsThread.h">
      <Filter>Header Files</Filter>
    </None>
  </ItemGroup>
  <ItemGroup>
    <ClInclude Include="..\Vriska\Threads\SafeList.hpp">
      <Filter>Header Files</Filter>
    </ClInclude>
  </ItemGroup>
</Project>